
Microsoft Visual Studio Solution File, Format Version 12.00
# Visual Studio Version 17
VisualStudioVersion = 17.14.36717.8
MinimumVisualStudioVersion = 10.0.40219.1
Project("{FAE04EC0-301F-11D3-BF4B-00C04F79EFBC}") = "Labb2_WEWFY_Domain", "Labb2_WEWFY_Domain\Labb2_WEWFY_Domain.csproj", "{FEF63D89-9E3A-4BFF-86C2-C9BD06F871DD}"
EndProject
Project("{FAE04EC0-301F-11D3-BF4B-00C04F79EFBC}") = "Labb2_WEWFY_Infrastructure", "Labb2_WEWFY_Infrastructure\Labb2_WEWFY_Infrastructure.csproj", "{FCFAC761-3CF4-4AB4-8CEE-EC7D0C094763}"
EndProject
Project("{FAE04EC0-301F-11D3-BF4B-00C04F79EFBC}") = "Labb2_WEWFY_Presentation", "Labb2_WEWFY_Presentation\Labb2_WEWFY_Presentation.csproj", "{7DA0E78E-6D1F-48E9-B847-F43A13348966}"
EndProject
Global
	GlobalSection(SolutionConfigurationPlatforms) = preSolution
		Debug|Any CPU = Debug|Any CPU
		Release|Any CPU = Release|Any CPU
	EndGlobalSection
	GlobalSection(ProjectConfigurationPlatforms) = postSolution
		{FEF63D89-9E3A-4BFF-86C2-C9BD06F871DD}.Debug|Any CPU.ActiveCfg = Debug|Any CPU
		{FEF63D89-9E3A-4BFF-86C2-C9BD06F871DD}.Debug|Any CPU.Build.0 = Debug|Any CPU
		{FEF63D89-9E3A-4BFF-86C2-C9BD06F871DD}.Release|Any CPU.ActiveCfg = Release|Any CPU
		{FEF63D89-9E3A-4BFF-86C2-C9BD06F871DD}.Release|Any CPU.Build.0 = Release|Any CPU
		{FCFAC761-3CF4-4AB4-8CEE-EC7D0C094763}.Debug|Any CPU.ActiveCfg = Debug|Any CPU
		{FCFAC761-3CF4-4AB4-8CEE-EC7D0C094763}.Debug|Any CPU.Build.0 = Debug|Any CPU
		{FCFAC761-3CF4-4AB4-8CEE-EC7D0C094763}.Release|Any CPU.ActiveCfg = Release|Any CPU
		{FCFAC761-3CF4-4AB4-8CEE-EC7D0C094763}.Release|Any CPU.Build.0 = Release|Any CPU
		{7DA0E78E-6D1F-48E9-B847-F43A13348966}.Debug|Any CPU.ActiveCfg = Debug|Any CPU
		{7DA0E78E-6D1F-48E9-B847-F43A13348966}.Debug|Any CPU.Build.0 = Debug|Any CPU
		{7DA0E78E-6D1F-48E9-B847-F43A13348966}.Release|Any CPU.ActiveCfg = Release|Any CPU
		{7DA0E78E-6D1F-48E9-B847-F43A13348966}.Release|Any CPU.Build.0 = Release|Any CPU
	EndGlobalSection
	GlobalSection(SolutionProperties) = preSolution
		HideSolutionNode = FALSE
	EndGlobalSection
	GlobalSection(ExtensibilityGlobals) = postSolution
		SolutionGuid = {C5FAEF07-CAB9-4869-9F52-C5AD868A3D94}
	EndGlobalSection
EndGlobal
